github.com/tinywasm/dom v0.7.2 h1:0Lxl5BSIh1tqp1ZXyuoU/W27O2m6hhktoNfKz1Y7wlU=
github.com/tinywasm/dom v0.7.2/go.mod h1:/Ob8r/cDtjJzwKLXz9zaTeHG1FmxwEXCz45VDDMxiKo=
github.com/tinywasm/fetch v0.1.23 h1:R8Nr1LwcFUVgQsk5f0CilNNP8r0wc3DPaZuC5O8hYTM=
github.com/tinywasm/fetch v0.1.23/go.mod h1:XR4SHs1qYUFcPcFVw/r+TrwG+9+jENQPslWAKVC6nHQ=
github.com/tinywasm/fmt v0.23.5 h1:Z4KG6xQ0bvFXrJAKz/GjAb1FkLcH0Ckwmdn4KCXLnUo=
github.com/tinywasm/fmt v0.23.5/go.mod h1:L2GCAi6asgytPV6TVvGrRq5Ml+DkUt1Ijo5i/2J1jOY=
github.com/tinywasm/form v0.2.2 h1:OYb0Zo35HNF8y7WBB32wdXgHkTOq47Fv2lkHOuzHvJI=
github.com/tinywasm/form v0.2.2/go.mod h1:/xjMzc6yP34/dCRo+s0gDrEMngk3GEvwMZnxy25H3Wc=
github.com/tinywasm/goflare v0.2.2 h1:UIednCBqYq7FqgA+0sHSJ32edg6nlvso8eYPTeYrJDI=
github.com/tinywasm/goflare v0.2.2/go.mod h1:wDBTUAEK9Gn2ao18El4rwacCJGt3G3PshVb9IGsxTSY=
github.com/tinywasm/json v0.5.2 h1:ykHdD2qz2k+6r+trffNIVHfvdS46Ib+/8tSUKXx+EdY=
github.com/tinywasm/json v0.5.2/go.mod h1:uA5JXnQcz3T5XdKfwFKloZFvfP7TWgas41zmCM57UJU=
